{
  "name": "MAC",
  "version": "1.0.0",
  "lockfileVersion": 1,
  "requires": true,
  "dependencies": {
    "macaddress": {
      "version": "0.5.2",
      "resolved": "https://registry.npmjs.org/macaddress/-/macaddress-0.5.2.tgz",
      "integrity": "sha512-cYYBbT3b84hTEHssWE6OmsuqF/NiLXE2RGK9Sc9SwwE9kMoKrbaUAJtKs6ucd0FFgZjXE1Wm3hoGEEYas0N6EA=="
    }
  }
}
